lockfileVersion: 5.4

importers:
  .:
    specifiers:
      '@eggjs/tsconfig': ^1.1.0
      ts-node: ^10.8.2
      typescript: ^4.7.4
    devDependencies:
      '@eggjs/tsconfig': registry.npmmirror.com/@eggjs/tsconfig/1.1.0
      ts-node: registry.npmmirror.com/ts-node/10.8.2_typescript@4.7.4
      typescript: registry.npmmirror.com/typescript/4.7.4

  packages/cli:
    specifiers:
      '@tinylot/shared': 'workspace:'
      typescript: ^4.7.4
      yargs: ^17.5.1
    dependencies:
      '@tinylot/shared': link:../shared
    devDependencies:
      typescript: registry.npmmirror.com/typescript/4.7.4
      yargs: registry.npmmirror.com/yargs/17.5.1

  packages/functions:
    specifiers: {}

  packages/shared:
    specifiers:
      '@types/fs-extra': ^9.0.13
      fs-extra: ^10.1.0
    dependencies:
      fs-extra: registry.npmmirror.com/fs-extra/10.1.0
    devDependencies:
      '@types/fs-extra': registry.npmmirror.com/@types/fs-extra/9.0.13

  packages/utils:
    specifiers: {}

packages:
  registry.npmmirror.com/@cspotcode/source-map-support/0.8.1:
    resolution:
      {
        integrity: sha512-IchNf6dN4tHoMFIn/7OE8LWZ19Y6q/67Bmf6vnGREv8RSbBVb9LPJxEcnwrcwX6ixSvaiGoomAUvu4YSxXrVgw==,
        registry: https://registry.npm.taobao.org/,
        tarball: https://registry.npmmirror.com/@cspotcode/source-map-support/-/source-map-support-0.8.1.tgz,
      }
    name: '@cspotcode/source-map-support'
    version: 0.8.1
    engines: { node: '>=12' }
    dependencies:
      '@jridgewell/trace-mapping': registry.npmmirror.com/@jridgewell/trace-mapping/0.3.9
    dev: true

  registry.npmmirror.com/@eggjs/tsconfig/1.1.0:
    resolution:
      {
        integrity: sha512-qCejYbRkGUcP1cI4tV/v1VxeQmLYtahx/iqGWuqyT3DEDs/g7YHckIwcmPqGTI5xZQN1PId5xidafFHueEl5zw==,
        registry: https://registry.npm.taobao.org/,
        tarball: https://registry.npmmirror.com/@eggjs/tsconfig/-/tsconfig-1.1.0.tgz,
      }
    name: '@eggjs/tsconfig'
    version: 1.1.0
    engines: { node: '>=14.0.0' }
    dev: true

  registry.npmmirror.com/@jridgewell/resolve-uri/3.1.0:
    resolution:
      {
        integrity: sha512-F2msla3tad+Mfht5cJq7LSXcdudKTWCVYUgw6pLFOOHSTtZlj6SWNYAp+AhuqLmWdBO2X5hPrLcu8cVP8fy28w==,
        registry: https://registry.npm.taobao.org/,
        tarball: https://registry.npmmirror.com/@jridgewell/resolve-uri/-/resolve-uri-3.1.0.tgz,
      }
    name: '@jridgewell/resolve-uri'
    version: 3.1.0
    engines: { node: '>=6.0.0' }
    dev: true

  registry.npmmirror.com/@jridgewell/sourcemap-codec/1.4.14:
    resolution:
      {
        integrity: sha512-XPSJHWmi394fuUuzDnGz1wiKqWfo1yXecHQMRf2l6hztTO+nPru658AyDngaBe7isIxEkRsPR3FZh+s7iVa4Uw==,
        registry: https://registry.npm.taobao.org/,
        tarball: https://registry.npmmirror.com/@jridgewell/sourcemap-codec/-/sourcemap-codec-1.4.14.tgz,
      }
    name: '@jridgewell/sourcemap-codec'
    version: 1.4.14
    dev: true

  registry.npmmirror.com/@jridgewell/trace-mapping/0.3.9:
    resolution:
      {
        integrity: sha512-3Belt6tdc8bPgAtbcmdtNJlirVoTmEb5e2gC94PnkwEW9jI6CAHUeoG85tjWP5WquqfavoMtMwiG4P926ZKKuQ==,
        registry: https://registry.npm.taobao.org/,
        tarball: https://registry.npmmirror.com/@jridgewell/trace-mapping/-/trace-mapping-0.3.9.tgz,
      }
    name: '@jridgewell/trace-mapping'
    version: 0.3.9
    dependencies:
      '@jridgewell/resolve-uri': registry.npmmirror.com/@jridgewell/resolve-uri/3.1.0
      '@jridgewell/sourcemap-codec': registry.npmmirror.com/@jridgewell/sourcemap-codec/1.4.14
    dev: true

  registry.npmmirror.com/@tsconfig/node10/1.0.9:
    resolution:
      {
        integrity: sha512-jNsYVVxU8v5g43Erja32laIDHXeoNvFEpX33OK4d6hljo3jDhCBDhx5dhCCTMWUojscpAagGiRkBKxpdl9fxqA==,
        registry: https://registry.npm.taobao.org/,
        tarball: https://registry.npmmirror.com/@tsconfig/node10/-/node10-1.0.9.tgz,
      }
    name: '@tsconfig/node10'
    version: 1.0.9
    dev: true

  registry.npmmirror.com/@tsconfig/node12/1.0.11:
    resolution:
      {
        integrity: sha512-cqefuRsh12pWyGsIoBKJA9luFu3mRxCA+ORZvA4ktLSzIuCUtWVxGIuXigEwO5/ywWFMZ2QEGKWvkZG1zDMTag==,
        registry: https://registry.npm.taobao.org/,
        tarball: https://registry.npmmirror.com/@tsconfig/node12/-/node12-1.0.11.tgz,
      }
    name: '@tsconfig/node12'
    version: 1.0.11
    dev: true

  registry.npmmirror.com/@tsconfig/node14/1.0.3:
    resolution:
      {
        integrity: sha512-ysT8mhdixWK6Hw3i1V2AeRqZ5WfXg1G43mqoYlM2nc6388Fq5jcXyr5mRsqViLx/GJYdoL0bfXD8nmF+Zn/Iow==,
        registry: https://registry.npm.taobao.org/,
        tarball: https://registry.npmmirror.com/@tsconfig/node14/-/node14-1.0.3.tgz,
      }
    name: '@tsconfig/node14'
    version: 1.0.3
    dev: true

  registry.npmmirror.com/@tsconfig/node16/1.0.3:
    resolution:
      {
        integrity: sha512-yOlFc+7UtL/89t2ZhjPvvB/DeAr3r+Dq58IgzsFkOAvVC6NMJXmCGjbptdXdR9qsX7pKcTL+s87FtYREi2dEEQ==,
        registry: https://registry.npm.taobao.org/,
        tarball: https://registry.npmmirror.com/@tsconfig/node16/-/node16-1.0.3.tgz,
      }
    name: '@tsconfig/node16'
    version: 1.0.3
    dev: true

  registry.npmmirror.com/@types/fs-extra/9.0.13:
    resolution:
      {
        integrity: sha512-nEnwB++1u5lVDM2UI4c1+5R+FYaKfaAzS4OococimjVm3nQw3TuzH5UNsocrcTBbhnerblyHj4A49qXbIiZdpA==,
        registry: https://registry.npm.taobao.org/,
        tarball: https://registry.npmmirror.com/@types/fs-extra/-/fs-extra-9.0.13.tgz,
      }
    name: '@types/fs-extra'
    version: 9.0.13
    dependencies:
      '@types/node': registry.npmmirror.com/@types/node/18.0.3
    dev: true

  registry.npmmirror.com/@types/node/18.0.3:
    resolution:
      {
        integrity: sha512-HzNRZtp4eepNitP+BD6k2L6DROIDG4Q0fm4x+dwfsr6LGmROENnok75VGw40628xf+iR24WeMFcHuuBDUAzzsQ==,
        registry: https://registry.npm.taobao.org/,
        tarball: https://registry.npmmirror.com/@types/node/-/node-18.0.3.tgz,
      }
    name: '@types/node'
    version: 18.0.3
    dev: true

  registry.npmmirror.com/acorn-walk/8.2.0:
    resolution:
      {
        integrity: sha512-k+iyHEuPgSw6SbuDpGQM+06HQUa04DZ3o+F6CSzXMvvI5KMvnaEqXe+YVe555R9nn6GPt404fos4wcgpw12SDA==,
        registry: https://registry.npm.taobao.org/,
        tarball: https://registry.npmmirror.com/acorn-walk/-/acorn-walk-8.2.0.tgz,
      }
    name: acorn-walk
    version: 8.2.0
    engines: { node: '>=0.4.0' }
    dev: true

  registry.npmmirror.com/acorn/8.7.1:
    resolution:
      {
        integrity: sha512-Xx54uLJQZ19lKygFXOWsscKUbsBZW0CPykPhVQdhIeIwrbPmJzqeASDInc8nKBnp/JT6igTs82qPXz069H8I/A==,
        registry: https://registry.npm.taobao.org/,
        tarball: https://registry.npmmirror.com/acorn/-/acorn-8.7.1.tgz,
      }
    name: acorn
    version: 8.7.1
    engines: { node: '>=0.4.0' }
    hasBin: true
    dev: true

  registry.npmmirror.com/ansi-regex/5.0.1:
    resolution:
      {
        integrity: sha512-quJQXlTSUGL2LH9SUXo8VwsY4soanhgo6LNSm84E1LBcE8s3O0wpdiRzyR9z/ZZJMlMWv37qOOb9pdJlMUEKFQ==,
        registry: https://registry.npm.taobao.org/,
        tarball: https://registry.npmmirror.com/ansi-regex/-/ansi-regex-5.0.1.tgz,
      }
    name: ansi-regex
    version: 5.0.1
    engines: { node: '>=8' }
    dev: true

  registry.npmmirror.com/ansi-styles/4.3.0:
    resolution:
      {
        integrity: sha512-zbB9rCJAT1rbjiVDb2hqKFHNYLxgtk8NURxZ3IZwD3F6NtxbXZQCnnSi1Lkx+IDohdPlFp222wVALIheZJQSEg==,
        registry: https://registry.npm.taobao.org/,
        tarball: https://registry.npmmirror.com/ansi-styles/-/ansi-styles-4.3.0.tgz,
      }
    name: ansi-styles
    version: 4.3.0
    engines: { node: '>=8' }
    dependencies:
      color-convert: registry.npmmirror.com/color-convert/2.0.1
    dev: true

  registry.npmmirror.com/arg/4.1.3:
    resolution:
      {
        integrity: sha512-58S9QDqG0Xx27YwPSt9fJxivjYl432YCwfDMfZ+71RAqUrZef7LrKQZ3LHLOwCS4FLNBplP533Zx895SeOCHvA==,
        registry: https://registry.npm.taobao.org/,
        tarball: https://registry.npmmirror.com/arg/-/arg-4.1.3.tgz,
      }
    name: arg
    version: 4.1.3
    dev: true

  registry.npmmirror.com/cliui/7.0.4:
    resolution:
      {
        integrity: sha512-OcRE68cOsVMXp1Yvonl/fzkQOyjLSu/8bhPDfQt0e0/Eb283TKP20Fs2MqoPsr9SwA595rRCA+QMzYc9nBP+JQ==,
        registry: https://registry.npm.taobao.org/,
        tarball: https://registry.npmmirror.com/cliui/-/cliui-7.0.4.tgz,
      }
    name: cliui
    version: 7.0.4
    dependencies:
      string-width: registry.npmmirror.com/string-width/4.2.3
      strip-ansi: registry.npmmirror.com/strip-ansi/6.0.1
      wrap-ansi: registry.npmmirror.com/wrap-ansi/7.0.0
    dev: true

  registry.npmmirror.com/color-convert/2.0.1:
    resolution:
      {
        integrity: sha512-RRECPsj7iu/xb5oKYcsFHSppFNnsj/52OVTRKb4zP5onXwVF3zVmmToNcOfGC+CRDpfK/U584fMg38ZHCaElKQ==,
        registry: https://registry.npm.taobao.org/,
        tarball: https://registry.npmmirror.com/color-convert/-/color-convert-2.0.1.tgz,
      }
    name: color-convert
    version: 2.0.1
    engines: { node: '>=7.0.0' }
    dependencies:
      color-name: registry.npmmirror.com/color-name/1.1.4
    dev: true

  registry.npmmirror.com/color-name/1.1.4:
    resolution:
      {
        integrity: sha512-dOy+3AuW3a2wNbZHIuMZpTcgjGuLU/uBL/ubcZF9OXbDo8ff4O8yVp5Bf0efS8uEoYo5q4Fx7dY9OgQGXgAsQA==,
        registry: https://registry.npm.taobao.org/,
        tarball: https://registry.npmmirror.com/color-name/-/color-name-1.1.4.tgz,
      }
    name: color-name
    version: 1.1.4
    dev: true

  registry.npmmirror.com/create-require/1.1.1:
    resolution:
      {
        integrity: sha512-dcKFX3jn0MpIaXjisoRvexIJVEKzaq7z2rZKxf+MSr9TkdmHmsU4m2lcLojrj/FHl8mk5VxMmYA+ftRkP/3oKQ==,
        registry: https://registry.npm.taobao.org/,
        tarball: https://registry.npmmirror.com/create-require/-/create-require-1.1.1.tgz,
      }
    name: create-require
    version: 1.1.1
    dev: true

  registry.npmmirror.com/diff/4.0.2:
    resolution:
      {
        integrity: sha512-58lmxKSA4BNyLz+HHMUzlOEpg09FV+ev6ZMe3vJihgdxzgcwZ8VoEEPmALCZG9LmqfVoNMMKpttIYTVG6uDY7A==,
        registry: https://registry.npm.taobao.org/,
        tarball: https://registry.npmmirror.com/diff/-/diff-4.0.2.tgz,
      }
    name: diff
    version: 4.0.2
    engines: { node: '>=0.3.1' }
    dev: true

  registry.npmmirror.com/emoji-regex/8.0.0:
    resolution:
      {
        integrity: sha512-MSjYzcWNOA0ewAHpz0MxpYFvwg6yjy1NG3xteoqz644VCo/RPgnr1/GGt+ic3iJTzQ8Eu3TdM14SawnVUmGE6A==,
        registry: https://registry.npm.taobao.org/,
        tarball: https://registry.npmmirror.com/emoji-regex/-/emoji-regex-8.0.0.tgz,
      }
    name: emoji-regex
    version: 8.0.0
    dev: true

  registry.npmmirror.com/escalade/3.1.1:
    resolution:
      {
        integrity: sha512-k0er2gUkLf8O0zKJiAhmkTnJlTvINGv7ygDNPbeIsX/TJjGJZHuh9B2UxbsaEkmlEo9MfhrSzmhIlhRlI2GXnw==,
        registry: https://registry.npm.taobao.org/,
        tarball: https://registry.npmmirror.com/escalade/-/escalade-3.1.1.tgz,
      }
    name: escalade
    version: 3.1.1
    engines: { node: '>=6' }
    dev: true

  registry.npmmirror.com/fs-extra/10.1.0:
    resolution:
      {
        integrity: sha512-oRXApq54ETRj4eMiFzGnHWGy+zo5raudjuxN0b8H7s/RU2oW0Wvsx9O0ACRN/kRq9E8Vu/ReskGB5o3ji+FzHQ==,
        registry: https://registry.npm.taobao.org/,
        tarball: https://registry.npmmirror.com/fs-extra/-/fs-extra-10.1.0.tgz,
      }
    name: fs-extra
    version: 10.1.0
    engines: { node: '>=12' }
    dependencies:
      graceful-fs: registry.npmmirror.com/graceful-fs/4.2.10
      jsonfile: registry.npmmirror.com/jsonfile/6.1.0
      universalify: registry.npmmirror.com/universalify/2.0.0
    dev: false

  registry.npmmirror.com/get-caller-file/2.0.5:
    resolution:
      {
        integrity: sha512-DyFP3BM/3YHTQOCUL/w0OZHR0lpKeGrxotcHWcqNEdnltqFwXVfhEBQ94eIo34AfQpo0rGki4cyIiftY06h2Fg==,
        registry: https://registry.npm.taobao.org/,
        tarball: https://registry.npmmirror.com/get-caller-file/-/get-caller-file-2.0.5.tgz,
      }
    name: get-caller-file
    version: 2.0.5
    engines: { node: 6.* || 8.* || >= 10.* }
    dev: true

  registry.npmmirror.com/graceful-fs/4.2.10:
    resolution:
      {
        integrity: sha512-9ByhssR2fPVsNZj478qUUbKfmL0+t5BDVyjShtyZZLiK7ZDAArFFfopyOTj0M05wE2tJPisA4iTnnXl2YoPvOA==,
        registry: https://registry.npm.taobao.org/,
        tarball: https://registry.npmmirror.com/graceful-fs/-/graceful-fs-4.2.10.tgz,
      }
    name: graceful-fs
    version: 4.2.10
    dev: false

  registry.npmmirror.com/is-fullwidth-code-point/3.0.0:
    resolution:
      {
        integrity: sha512-zymm5+u+sCsSWyD9qNaejV3DFvhCKclKdizYaJUuHA83RLjb7nSuGnddCHGv0hk+KY7BMAlsWeK4Ueg6EV6XQg==,
        registry: https://registry.npm.taobao.org/,
        tarball: https://registry.npmmirror.com/is-fullwidth-code-point/-/is-fullwidth-code-point-3.0.0.tgz,
      }
    name: is-fullwidth-code-point
    version: 3.0.0
    engines: { node: '>=8' }
    dev: true

  registry.npmmirror.com/jsonfile/6.1.0:
    resolution:
      {
        integrity: sha512-5dgndWOriYSm5cnYaJNhalLNDKOqFwyDB/rr1E9ZsGciGvKPs8R2xYGCacuf3z6K1YKDz182fd+fY3cn3pMqXQ==,
        registry: https://registry.npm.taobao.org/,
        tarball: https://registry.npmmirror.com/jsonfile/-/jsonfile-6.1.0.tgz,
      }
    name: jsonfile
    version: 6.1.0
    dependencies:
      universalify: registry.npmmirror.com/universalify/2.0.0
    optionalDependencies:
      graceful-fs: registry.npmmirror.com/graceful-fs/4.2.10
    dev: false

  registry.npmmirror.com/make-error/1.3.6:
    resolution:
      {
        integrity: sha512-s8UhlNe7vPKomQhC1qFelMokr/Sc3AgNbso3n74mVPA5LTZwkB9NlXf4XPamLxJE8h0gh73rM94xvwRT2CVInw==,
        registry: https://registry.npm.taobao.org/,
        tarball: https://registry.npmmirror.com/make-error/-/make-error-1.3.6.tgz,
      }
    name: make-error
    version: 1.3.6
    dev: true

  registry.npmmirror.com/require-directory/2.1.1:
    resolution:
      {
        integrity: sha512-fGxEI7+wsG9xrvdjsrlmL22OMTTiHRwAMroiEeMgq8gzoLC/PQr7RsRDSTLUg/bZAZtF+TVIkHc6/4RIKrui+Q==,
        registry: https://registry.npm.taobao.org/,
        tarball: https://registry.npmmirror.com/require-directory/-/require-directory-2.1.1.tgz,
      }
    name: require-directory
    version: 2.1.1
    engines: { node: '>=0.10.0' }
    dev: true

  registry.npmmirror.com/string-width/4.2.3:
    resolution:
      {
        integrity: sha512-wKyQRQpjJ0sIp62ErSZdGsjMJWsap5oRNihHhu6G7JVO/9jIB6UyevL+tXuOqrng8j/cxKTWyWUwvSTriiZz/g==,
        registry: https://registry.npm.taobao.org/,
        tarball: https://registry.npmmirror.com/string-width/-/string-width-4.2.3.tgz,
      }
    name: string-width
    version: 4.2.3
    engines: { node: '>=8' }
    dependencies:
      emoji-regex: registry.npmmirror.com/emoji-regex/8.0.0
      is-fullwidth-code-point: registry.npmmirror.com/is-fullwidth-code-point/3.0.0
      strip-ansi: registry.npmmirror.com/strip-ansi/6.0.1
    dev: true

  registry.npmmirror.com/strip-ansi/6.0.1:
    resolution:
      {
        integrity: sha512-Y38VPSHcqkFrCpFnQ9vuSXmquuv5oXOKpGeT6aGrr3o3Gc9AlVa6JBfUSOCnbxGGZF+/0ooI7KrPuUSztUdU5A==,
        registry: https://registry.npm.taobao.org/,
        tarball: https://registry.npmmirror.com/strip-ansi/-/strip-ansi-6.0.1.tgz,
      }
    name: strip-ansi
    version: 6.0.1
    engines: { node: '>=8' }
    dependencies:
      ansi-regex: registry.npmmirror.com/ansi-regex/5.0.1
    dev: true

  registry.npmmirror.com/ts-node/10.8.2_typescript@4.7.4:
    resolution:
      {
        integrity: sha512-LYdGnoGddf1D6v8REPtIH+5iq/gTDuZqv2/UJUU7tKjuEU8xVZorBM+buCGNjj+pGEud+sOoM4CX3/YzINpENA==,
        registry: https://registry.npm.taobao.org/,
        tarball: https://registry.npmmirror.com/ts-node/-/ts-node-10.8.2.tgz,
      }
    id: registry.npmmirror.com/ts-node/10.8.2
    name: ts-node
    version: 10.8.2
    hasBin: true
    peerDependencies:
      '@swc/core': '>=1.2.50'
      '@swc/wasm': '>=1.2.50'
      '@types/node': '*'
      typescript: '>=2.7'
    peerDependenciesMeta:
      '@swc/core':
        optional: true
      '@swc/wasm':
        optional: true
    dependencies:
      '@cspotcode/source-map-support': registry.npmmirror.com/@cspotcode/source-map-support/0.8.1
      '@tsconfig/node10': registry.npmmirror.com/@tsconfig/node10/1.0.9
      '@tsconfig/node12': registry.npmmirror.com/@tsconfig/node12/1.0.11
      '@tsconfig/node14': registry.npmmirror.com/@tsconfig/node14/1.0.3
      '@tsconfig/node16': registry.npmmirror.com/@tsconfig/node16/1.0.3
      acorn: registry.npmmirror.com/acorn/8.7.1
      acorn-walk: registry.npmmirror.com/acorn-walk/8.2.0
      arg: registry.npmmirror.com/arg/4.1.3
      create-require: registry.npmmirror.com/create-require/1.1.1
      diff: registry.npmmirror.com/diff/4.0.2
      make-error: registry.npmmirror.com/make-error/1.3.6
      typescript: registry.npmmirror.com/typescript/4.7.4
      v8-compile-cache-lib: registry.npmmirror.com/v8-compile-cache-lib/3.0.1
      yn: registry.npmmirror.com/yn/3.1.1
    dev: true

  registry.npmmirror.com/typescript/4.7.4:
    resolution:
      {
        integrity: sha512-C0WQT0gezHuw6AdY1M2jxUO83Rjf0HP7Sk1DtXj6j1EwkQNZrHAg2XPWlq62oqEhYvONq5pkC2Y9oPljWToLmQ==,
        registry: https://registry.npm.taobao.org/,
        tarball: https://registry.npmmirror.com/typescript/-/typescript-4.7.4.tgz,
      }
    name: typescript
    version: 4.7.4
    engines: { node: '>=4.2.0' }
    hasBin: true
    dev: true

  registry.npmmirror.com/universalify/2.0.0:
    resolution:
      {
        integrity: sha512-hAZsKq7Yy11Zu1DE0OzWjw7nnLZmJZYTDZZyEFHZdUhV8FkH5MCfoU1XMaxXovpyW5nq5scPqq0ZDP9Zyl04oQ==,
        registry: https://registry.npm.taobao.org/,
        tarball: https://registry.npmmirror.com/universalify/-/universalify-2.0.0.tgz,
      }
    name: universalify
    version: 2.0.0
    engines: { node: '>= 10.0.0' }
    dev: false

  registry.npmmirror.com/v8-compile-cache-lib/3.0.1:
    resolution:
      {
        integrity: sha512-wa7YjyUGfNZngI/vtK0UHAN+lgDCxBPCylVXGp0zu59Fz5aiGtNXaq3DhIov063MorB+VfufLh3JlF2KdTK3xg==,
        registry: https://registry.npm.taobao.org/,
        tarball: https://registry.npmmirror.com/v8-compile-cache-lib/-/v8-compile-cache-lib-3.0.1.tgz,
      }
    name: v8-compile-cache-lib
    version: 3.0.1
    dev: true

  registry.npmmirror.com/wrap-ansi/7.0.0:
    resolution:
      {
        integrity: sha512-YVGIj2kamLSTxw6NsZjoBxfSwsn0ycdesmc4p+Q21c5zPuZ1pl+NfxVdxPtdHvmNVOQ6XSYG4AUtyt/Fi7D16Q==,
        registry: https://registry.npm.taobao.org/,
        tarball: https://registry.npmmirror.com/wrap-ansi/-/wrap-ansi-7.0.0.tgz,
      }
    name: wrap-ansi
    version: 7.0.0
    engines: { node: '>=10' }
    dependencies:
      ansi-styles: registry.npmmirror.com/ansi-styles/4.3.0
      string-width: registry.npmmirror.com/string-width/4.2.3
      strip-ansi: registry.npmmirror.com/strip-ansi/6.0.1
    dev: true

  registry.npmmirror.com/y18n/5.0.8:
    resolution:
      {
        integrity: sha512-0pfFzegeDWJHJIAmTLRP2DwHjdF5s7jo9tuztdQxAhINCdvS+3nGINqPd00AphqJR/0LhANUS6/+7SCb98YOfA==,
        registry: https://registry.npm.taobao.org/,
        tarball: https://registry.npmmirror.com/y18n/-/y18n-5.0.8.tgz,
      }
    name: y18n
    version: 5.0.8
    engines: { node: '>=10' }
    dev: true

  registry.npmmirror.com/yargs-parser/21.0.1:
    resolution:
      {
        integrity: sha512-9BK1jFpLzJROCI5TzwZL/TU4gqjK5xiHV/RfWLOahrjAko/e4DJkRDZQXfvqAsiZzzYhgAzbgz6lg48jcm4GLg==,
        registry: https://registry.npm.taobao.org/,
        tarball: https://registry.npmmirror.com/yargs-parser/-/yargs-parser-21.0.1.tgz,
      }
    name: yargs-parser
    version: 21.0.1
    engines: { node: '>=12' }
    dev: true

  registry.npmmirror.com/yargs/17.5.1:
    resolution:
      {
        integrity: sha512-t6YAJcxDkNX7NFYiVtKvWUz8l+PaKTLiL63mJYWR2GnHq2gjEWISzsLp9wg3aY36dY1j+gfIEL3pIF+XlJJfbA==,
        registry: https://registry.npm.taobao.org/,
        tarball: https://registry.npmmirror.com/yargs/-/yargs-17.5.1.tgz,
      }
    name: yargs
    version: 17.5.1
    engines: { node: '>=12' }
    dependencies:
      cliui: registry.npmmirror.com/cliui/7.0.4
      escalade: registry.npmmirror.com/escalade/3.1.1
      get-caller-file: registry.npmmirror.com/get-caller-file/2.0.5
      require-directory: registry.npmmirror.com/require-directory/2.1.1
      string-width: registry.npmmirror.com/string-width/4.2.3
      y18n: registry.npmmirror.com/y18n/5.0.8
      yargs-parser: registry.npmmirror.com/yargs-parser/21.0.1
    dev: true

  registry.npmmirror.com/yn/3.1.1:
    resolution:
      {
        integrity: sha512-Ux4ygGWsu2c7isFWe8Yu1YluJmqVhxqK2cLXNQA5AcC3QfbGNpM7fu0Y8b/z16pXLnFxZYvWhd3fhBY9DLmC6Q==,
        registry: https://registry.npm.taobao.org/,
        tarball: https://registry.npmmirror.com/yn/-/yn-3.1.1.tgz,
      }
    name: yn
    version: 3.1.1
    engines: { node: '>=6' }
    dev: true
